
Microsoft Visual Studio Solution File, Format Version 12.00
# Visual Studio Version 17
VisualStudioVersion = 17.13.35931.197
MinimumVisualStudioVersion = 10.0.40219.1
Project("{FAE04EC0-301F-11D3-BF4B-00C04F79EFBC}") = "Entities", "Entities\Entities.csproj", "{B0D29C48-A1B1-4CE5-8B34-AB1AB21A4535}"
EndProject
Project("{FAE04EC0-301F-11D3-BF4B-00C04F79EFBC}") = "Presentation", "Presentation\Presentation.csproj", "{89AE9617-D0CC-46CD-8A33-7C06EEBB2DDC}"
EndProject
Project("{FAE04EC0-301F-11D3-BF4B-00C04F79EFBC}") = "Repositories", "Repositories\Repositories.csproj", "{34D367A0-BC34-4966-A739-60808393D08A}"
EndProject
Project("{FAE04EC0-301F-11D3-BF4B-00C04F79EFBC}") = "Services", "Services\Services.csproj", "{58298FA4-D44C-4920-AECB-9AD1AB225FE8}"
EndProject
Project("{FAE04EC0-301F-11D3-BF4B-00C04F79EFBC}") = "APIFinalLibrary", "APIFinalLibrary\APIFinalLibrary.csproj", "{077A3A9F-9744-B023-B52F-F7F7A2B1CBDD}"
EndProject
Global
	GlobalSection(SolutionConfigurationPlatforms) = preSolution
		Debug|Any CPU = Debug|Any CPU
		Release|Any CPU = Release|Any CPU
	EndGlobalSection
	GlobalSection(ProjectConfigurationPlatforms) = postSolution
		{B0D29C48-A1B1-4CE5-8B34-AB1AB21A4535}.Debug|Any CPU.ActiveCfg = Debug|Any CPU
		{B0D29C48-A1B1-4CE5-8B34-AB1AB21A4535}.Debug|Any CPU.Build.0 = Debug|Any CPU
		{B0D29C48-A1B1-4CE5-8B34-AB1AB21A4535}.Release|Any CPU.ActiveCfg = Release|Any CPU
		{B0D29C48-A1B1-4CE5-8B34-AB1AB21A4535}.Release|Any CPU.Build.0 = Release|Any CPU
		{89AE9617-D0CC-46CD-8A33-7C06EEBB2DDC}.Debug|Any CPU.ActiveCfg = Debug|Any CPU
		{89AE9617-D0CC-46CD-8A33-7C06EEBB2DDC}.Debug|Any CPU.Build.0 = Debug|Any CPU
		{89AE9617-D0CC-46CD-8A33-7C06EEBB2DDC}.Release|Any CPU.ActiveCfg = Release|Any CPU
		{89AE9617-D0CC-46CD-8A33-7C06EEBB2DDC}.Release|Any CPU.Build.0 = Release|Any CPU
		{34D367A0-BC34-4966-A739-60808393D08A}.Debug|Any CPU.ActiveCfg = Debug|Any CPU
		{34D367A0-BC34-4966-A739-60808393D08A}.Debug|Any CPU.Build.0 = Debug|Any CPU
		{34D367A0-BC34-4966-A739-60808393D08A}.Release|Any CPU.ActiveCfg = Release|Any CPU
		{34D367A0-BC34-4966-A739-60808393D08A}.Release|Any CPU.Build.0 = Release|Any CPU
		{58298FA4-D44C-4920-AECB-9AD1AB225FE8}.Debug|Any CPU.ActiveCfg = Debug|Any CPU
		{58298FA4-D44C-4920-AECB-9AD1AB225FE8}.Debug|Any CPU.Build.0 = Debug|Any CPU
		{58298FA4-D44C-4920-AECB-9AD1AB225FE8}.Release|Any CPU.ActiveCfg = Release|Any CPU
		{58298FA4-D44C-4920-AECB-9AD1AB225FE8}.Release|Any CPU.Build.0 = Release|Any CPU
		{077A3A9F-9744-B023-B52F-F7F7A2B1CBDD}.Debug|Any CPU.ActiveCfg = Debug|Any CPU
		{077A3A9F-9744-B023-B52F-F7F7A2B1CBDD}.Debug|Any CPU.Build.0 = Debug|Any CPU
		{077A3A9F-9744-B023-B52F-F7F7A2B1CBDD}.Release|Any CPU.ActiveCfg = Release|Any CPU
		{077A3A9F-9744-B023-B52F-F7F7A2B1CBDD}.Release|Any CPU.Build.0 = Release|Any CPU
	EndGlobalSection
	GlobalSection(SolutionProperties) = preSolution
		HideSolutionNode = FALSE
	EndGlobalSection
	GlobalSection(ExtensibilityGlobals) = postSolution
		SolutionGuid = {6EB914F9-3D28-475F-8A6B-95677DDA6E9B}
	EndGlobalSection
EndGlobal
